{
  "originHash" : "5c839181f4003a7ae4e5f727bcf200f73b260392071564c6ad144802dae3b7b4",
  "pins" : [
    {
      "identity" : "swiftqiskit",
      "kind" : "remoteSourceControl",
      "location" : "https://github.com/SwiftProjectOrganization/SwiftQiskit.git",
      "state" : {
        "revision" : "38770d10c33da598906d9f4baf51846396c023e1",
        "version" : "0.2.0"
      }
    }
  ],
  "version" : 3
}
