{
  "originHash" : "5c839181f4003a7ae4e5f727bcf200f73b260392071564c6ad144802dae3b7b4",
  "pins" : [
    {
      "identity" : "swiftqiskit",
      "kind" : "remoteSourceControl",
      "location" : "https://github.com/SwiftProjectOrganization/SwiftQiskit.git",
      "state" : {
        "revision" : "b5193bbb40914ef28c80bb2091962071b6a8cfc1",
        "version" : "0.1.1"
      }
    }
  ],
  "version" : 3
}
