{
  "originHash" : "5c839181f4003a7ae4e5f727bcf200f73b260392071564c6ad144802dae3b7b4",
  "pins" : [
    {
      "identity" : "swiftqiskit",
      "kind" : "remoteSourceControl",
      "location" : "https://github.com/SwiftProjectOrganization/SwiftQiskit.git",
      "state" : {
        "revision" : "1839b7204df2fc2aaac3afdbd0c8acc0898013f4",
        "version" : "0.4.0"
      }
    }
  ],
  "version" : 3
}
